
Microsoft Visual Studio Solution File, Format Version 12.00
# Visual Studio Version 16
VisualStudioVersion = 16.0.30717.126
MinimumVisualStudioVersion = 10.0.40219.1
Project("{FAE04EC0-301F-11D3-BF4B-00C04F79EFBC}") = "PickACardUI", "PickACardUI\PickACardUI.csproj", "{4034B0D5-E361-4229-B5D9-B1CBF20F4A18}"
EndProject
Global
	GlobalSection(SolutionConfigurationPlatforms) = preSolution
		Debug|Any CPU = Debug|Any CPU
		Release|Any CPU = Release|Any CPU
	EndGlobalSection
	GlobalSection(ProjectConfigurationPlatforms) = postSolution
		{4034B0D5-E361-4229-B5D9-B1CBF20F4A18}.Debug|Any CPU.ActiveCfg = Debug|Any CPU
		{4034B0D5-E361-4229-B5D9-B1CBF20F4A18}.Debug|Any CPU.Build.0 = Debug|Any CPU
		{4034B0D5-E361-4229-B5D9-B1CBF20F4A18}.Release|Any CPU.ActiveCfg = Release|Any CPU
		{4034B0D5-E361-4229-B5D9-B1CBF20F4A18}.Release|Any CPU.Build.0 = Release|Any CPU
	EndGlobalSection
	GlobalSection(SolutionProperties) = preSolution
		HideSolutionNode = FALSE
	EndGlobalSection
	GlobalSection(ExtensibilityGlobals) = postSolution
		SolutionGuid = {A5793B34-89A4-47DF-A41E-B8B719282F14}
	EndGlobalSection
EndGlobal
